
Microsoft Visual Studio Solution File, Format Version 12.00
# Visual Studio Version 17
VisualStudioVersion = 17.3.32811.315
MinimumVisualStudioVersion = 10.0.40219.1
Project("{FAE04EC0-301F-11D3-BF4B-00C04F79EFBC}") = "DependencyInjection", "DependencyInjection\DependencyInjection.csproj", "{F80BD62D-A47E-47EB-B9E1-2C504CFD2C58}"
EndProject
Global
	GlobalSection(SolutionConfigurationPlatforms) = preSolution
		Debug|Any CPU = Debug|Any CPU
		Release|Any CPU = Release|Any CPU
	EndGlobalSection
	GlobalSection(ProjectConfigurationPlatforms) = postSolution
		{F80BD62D-A47E-47EB-B9E1-2C504CFD2C58}.Debug|Any CPU.ActiveCfg = Debug|Any CPU
		{F80BD62D-A47E-47EB-B9E1-2C504CFD2C58}.Debug|Any CPU.Build.0 = Debug|Any CPU
		{F80BD62D-A47E-47EB-B9E1-2C504CFD2C58}.Release|Any CPU.ActiveCfg = Release|Any CPU
		{F80BD62D-A47E-47EB-B9E1-2C504CFD2C58}.Release|Any CPU.Build.0 = Release|Any CPU
	EndGlobalSection
	GlobalSection(SolutionProperties) = preSolution
		HideSolutionNode = FALSE
	EndGlobalSection
	GlobalSection(ExtensibilityGlobals) = postSolution
		SolutionGuid = {110D6CD9-1F84-422C-87A1-4D0976358F47}
	EndGlobalSection
EndGlobal
